
Microsoft Visual Studio Solution File, Format Version 12.00
# Visual Studio Version 17
VisualStudioVersion = 17.3.32922.545
MinimumVisualStudioVersion = 10.0.40219.1
Project("{9A19103F-16F7-4668-BE54-9A1E7A4F7556}") = "NIghtDriverTest", "NIghtDriverTest.csproj", "{58B989D5-C3B1-4F8B-9A3F-53442A05589A}"
EndProject
Global
	GlobalSection(SolutionConfigurationPlatforms) = preSolution
		Debug|Any CPU = Debug|Any CPU
		Release|Any CPU = Release|Any CPU
	EndGlobalSection
	GlobalSection(ProjectConfigurationPlatforms) = postSolution
		{58B989D5-C3B1-4F8B-9A3F-53442A05589A}.Debug|Any CPU.ActiveCfg = Debug|Any CPU
		{58B989D5-C3B1-4F8B-9A3F-53442A05589A}.Debug|Any CPU.Build.0 = Debug|Any CPU
		{58B989D5-C3B1-4F8B-9A3F-53442A05589A}.Release|Any CPU.ActiveCfg = Release|Any CPU
		{58B989D5-C3B1-4F8B-9A3F-53442A05589A}.Release|Any CPU.Build.0 = Release|Any CPU
	EndGlobalSection
	GlobalSection(SolutionProperties) = preSolution
		HideSolutionNode = FALSE
	EndGlobalSection
	GlobalSection(ExtensibilityGlobals) = postSolution
		SolutionGuid = {9C3CA63D-618C-4016-8FAF-E17CB2916211}
	EndGlobalSection
EndGlobal
